{
    "requires": true,
    "lockfileVersion": 1,
    "dependencies": {
        "filepond": {
            "version": "4.30.4",
            "resolved": "https://registry.npmjs.org/filepond/-/filepond-4.30.4.tgz",
            "integrity": "sha512-FCwsMvG9iiEs6uobdDrTaKsCgsqys0NuLgPPD8n37AYVYBiiDkrPkk9MSIU5rT2FahYcL1bScYI9huIPtlzqyA=="
        },
        "sweetalert2": {
            "version": "11.4.17",
            "resolved": "https://registry.npmjs.org/sweetalert2/-/sweetalert2-11.4.17.tgz",
            "integrity": "sha512-z0iQW5fDdvtoDNle3iHTKunsuNWgPaMifVu0GPtdguR0uVPrvg9gg9bnSQeJ4tx3C7FwJOEnRshxrs6fFItRvw=="
        }
    }
}
